// !$*UTF8*$!
{
	archiveVersion = 1;
	classes = {
	};
	objectVersion = 52;
	objects = {

/* Begin PBXBuildFile section */
		522785A8266E579C005BF33E /* NetworkManager.swift in Sources */ = {isa = PBXBuildFile; fileRef = 522785A7266E579C005BF33E /* NetworkManager.swift */; };
		522785BA266E58FC005BF33E /* Setting.storyboard in Resources */ = {isa = PBXBuildFile; fileRef = 522785B9266E58FC005BF33E /* Setting.storyboard */; };
		522785C0266E591B005BF33E /* ChordVoice.storyboard in Resources */ = {isa = PBXBuildFile; fileRef = 522785BF266E591B005BF33E /* ChordVoice.storyboard */; };
		522785C3266E5925005BF33E /* ChordPicker.storyboard in Resources */ = {isa = PBXBuildFile; fileRef = 522785C2266E5925005BF33E /* ChordPicker.storyboard */; };
		522785C6266E592E005BF33E /* ChordDetail.storyboard in Resources */ = {isa = PBXBuildFile; fileRef = 522785C5266E592E005BF33E /* ChordDetail.storyboard */; };
		522785CA266E5AC2005BF33E /* OnBoardingViewController.swift in Sources */ = {isa = PBXBuildFile; fileRef = 522785C9266E5AC2005BF33E /* OnBoardingViewController.swift */; };
		522785CE266E5AFA005BF33E /* ChordVoiceViewController.swift in Sources */ = {isa = PBXBuildFile; fileRef = 522785CD266E5AFA005BF33E /* ChordVoiceViewController.swift */; };
		522785D1266E5B04005BF33E /* ChordPickerViewController.swift in Sources */ = {isa = PBXBuildFile; fileRef = 522785D0266E5B04005BF33E /* ChordPickerViewController.swift */; };
		522785D4266E5B0D005BF33E /* ChordDetailViewController.swift in Sources */ = {isa = PBXBuildFile; fileRef = 522785D3266E5B0D005BF33E /* ChordDetailViewController.swift */; };
		522785E1266E5CE4005BF33E /* ChordPickerTuner.storyboard in Resources */ = {isa = PBXBuildFile; fileRef = 522785E0266E5CE4005BF33E /* ChordPickerTuner.storyboard */; };
		522785E5266E5D2F005BF33E /* ChordPickerChord.storyboard in Resources */ = {isa = PBXBuildFile; fileRef = 522785E4266E5D2F005BF33E /* ChordPickerChord.storyboard */; };
		522785E8266E5D6B005BF33E /* ChordVoiceChord.storyboard in Resources */ = {isa = PBXBuildFile; fileRef = 522785E7266E5D6B005BF33E /* ChordVoiceChord.storyboard */; };
		522785EB266E5D77005BF33E /* ChordVoiceTuner.storyboard in Resources */ = {isa = PBXBuildFile; fileRef = 522785EA266E5D77005BF33E /* ChordVoiceTuner.storyboard */; };
		522785F6266E5F0C005BF33E /* ChordVoiceTunerViewController.swift in Sources */ = {isa = PBXBuildFile; fileRef = 522785F5266E5F0C005BF33E /* ChordVoiceTunerViewController.swift */; };
		522785FA266E5F36005BF33E /* ChordPickerTunerViewController.swift in Sources */ = {isa = PBXBuildFile; fileRef = 522785F9266E5F36005BF33E /* ChordPickerTunerViewController.swift */; };
		52698D0E266DE9D5004F7AD6 /* AppDelegate.swift in Sources */ = {isa = PBXBuildFile; fileRef = 52698D0D266DE9D5004F7AD6 /* AppDelegate.swift */; };
		52698D10266DE9D5004F7AD6 /* SceneDelegate.swift in Sources */ = {isa = PBXBuildFile; fileRef = 52698D0F266DE9D5004F7AD6 /* SceneDelegate.swift */; };
		52698D15266DE9D5004F7AD6 /* Main.storyboard in Resources */ = {isa = PBXBuildFile; fileRef = 52698D13266DE9D5004F7AD6 /* Main.storyboard */; };
		52698D18266DE9D5004F7AD6 /* Gitra.xcdatamodeld in Sources */ = {isa = PBXBuildFile; fileRef = 52698D16266DE9D5004F7AD6 /* Gitra.xcdatamodeld */; };
		52698D1A266DE9D8004F7AD6 /* Assets.xcassets in Resources */ = {isa = PBXBuildFile; fileRef = 52698D19266DE9D8004F7AD6 /* Assets.xcassets */; };
		52698D1D266DE9D8004F7AD6 /* LaunchScreen.storyboard in Resources */ = {isa = PBXBuildFile; fileRef = 52698D1B266DE9D8004F7AD6 /* LaunchScreen.storyboard */; };
		5293C813266F339100151BF7 /* ChordResponse.swift in Sources */ = {isa = PBXBuildFile; fileRef = 5293C812266F339100151BF7 /* ChordResponse.swift */; };
		5293C816266F346E00151BF7 /* ChordModel.swift in Sources */ = {isa = PBXBuildFile; fileRef = 5293C815266F346E00151BF7 /* ChordModel.swift */; };
		52C517DA267121A6002B5136 /* Lottie in Frameworks */ = {isa = PBXBuildFile; productRef = 52C517D9267121A6002B5136 /* Lottie */; };
		52EE72E226724D5500B3E7EE /* Helper.swift in Sources */ = {isa = PBXBuildFile; fileRef = 52EE72E126724D5500B3E7EE /* Helper.swift */; };
		52EE72ED26726B2100B3E7EE /* SoundHelper.swift in Sources */ = {isa = PBXBuildFile; fileRef = 52EE72EC26726B2100B3E7EE /* SoundHelper.swift */; };
		79C7DC9F2673B224006D4104 /* SettingsDatabase.swift in Sources */ = {isa = PBXBuildFile; fileRef = 79C7DC9E2673B224006D4104 /* SettingsDatabase.swift */; };
		7CC7CDD7266F491F001C0C9C /* OnBoardingAnimation.swift in Sources */ = {isa = PBXBuildFile; fileRef = 7CC7CDD6266F491F001C0C9C /* OnBoardingAnimation.swift */; };
		904DC629267258DC00DD799E /* E5.mp3 in Resources */ = {isa = PBXBuildFile; fileRef = 904DC5FB267258D900DD799E /* E5.mp3 */; };
		904DC62A267258DC00DD799E /* G5.mp3 in Resources */ = {isa = PBXBuildFile; fileRef = 904DC5FC267258D900DD799E /* G5.mp3 */; };
		904DC62B267258DC00DD799E /* F#3.mp3 in Resources */ = {isa = PBXBuildFile; fileRef = 904DC5FD267258DA00DD799E /* F#3.mp3 */; };
		904DC62C267258DC00DD799E /* A3.mp3 in Resources */ = {isa = PBXBuildFile; fileRef = 904DC5FE267258DA00DD799E /* A3.mp3 */; };
		904DC62D267258DC00DD799E /* B5.mp3 in Resources */ = {isa = PBXBuildFile; fileRef = 904DC5FF267258DA00DD799E /* B5.mp3 */; };
		904DC62E267258DC00DD799E /* G#2.mp3 in Resources */ = {isa = PBXBuildFile; fileRef = 904DC600267258DA00DD799E /* G#2.mp3 */; };
		904DC62F267258DC00DD799E /* G#3.mp3 in Resources */ = {isa = PBXBuildFile; fileRef = 904DC601267258DA00DD799E /* G#3.mp3 */; };
		904DC630267258DC00DD799E /* A#3.mp3 in Resources */ = {isa = PBXBuildFile; fileRef = 904DC602267258DA00DD799E /* A#3.mp3 */; };
		904DC631267258DC00DD799E /* G3.mp3 in Resources */ = {isa = PBXBuildFile; fileRef = 904DC603267258DA00DD799E /* G3.mp3 */; };
		904DC632267258DC00DD799E /* C#4.mp3 in Resources */ = {isa = PBXBuildFile; fileRef = 904DC604267258DA00DD799E /* C#4.mp3 */; };
		904DC633267258DC00DD799E /* C#6.mp3 in Resources */ = {isa = PBXBuildFile; fileRef = 904DC605267258DA00DD799E /* C#6.mp3 */; };
		904DC634267258DC00DD799E /* E3.mp3 in Resources */ = {isa = PBXBuildFile; fileRef = 904DC606267258DA00DD799E /* E3.mp3 */; };
		904DC635267258DC00DD799E /* F3.mp3 in Resources */ = {isa = PBXBuildFile; fileRef = 904DC607267258DA00DD799E /* F3.mp3 */; };
		904DC636267258DC00DD799E /* F5.mp3 in Resources */ = {isa = PBXBuildFile; fileRef = 904DC608267258DA00DD799E /* F5.mp3 */; };
		904DC637267258DC00DD799E /* C3.mp3 in Resources */ = {isa = PBXBuildFile; fileRef = 904DC609267258DA00DD799E /* C3.mp3 */; };
		904DC638267258DC00DD799E /* C6.mp3 in Resources */ = {isa = PBXBuildFile; fileRef = 904DC60A267258DA00DD799E /* C6.mp3 */; };
		904DC639267258DC00DD799E /* D3.mp3 in Resources */ = {isa = PBXBuildFile; fileRef = 904DC60B267258DA00DD799E /* D3.mp3 */; };
		904DC63A267258DC00DD799E /* F#5.mp3 in Resources */ = {isa = PBXBuildFile; fileRef = 904DC60C267258DB00DD799E /* F#5.mp3 */; };
		904DC63B267258DC00DD799E /* D5.mp3 in Resources */ = {isa = PBXBuildFile; fileRef = 904DC60D267258DB00DD799E /* D5.mp3 */; };
		904DC63C267258DC00DD799E /* F#2.mp3 in Resources */ = {isa = PBXBuildFile; fileRef = 904DC60E267258DB00DD799E /* F#2.mp3 */; };
		904DC63D267258DC00DD799E /* F2.mp3 in Resources */ = {isa = PBXBuildFile; fileRef = 904DC60F267258DB00DD799E /* F2.mp3 */; };
		904DC63E267258DC00DD799E /* C4.mp3 in Resources */ = {isa = PBXBuildFile; fileRef = 904DC610267258DB00DD799E /* C4.mp3 */; };
		904DC63F267258DC00DD799E /* A#5.mp3 in Resources */ = {isa = PBXBuildFile; fileRef = 904DC611267258DB00DD799E /* A#5.mp3 */; };
		904DC640267258DC00DD799E /* B2.mp3 in Resources */ = {isa = PBXBuildFile; fileRef = 904DC612267258DB00DD799E /* B2.mp3 */; };
		904DC641267258DC00DD799E /* F#4.mp3 in Resources */ = {isa = PBXBuildFile; fileRef = 904DC613267258DB00DD799E /* F#4.mp3 */; };
		904DC642267258DC00DD799E /* G2.mp3 in Resources */ = {isa = PBXBuildFile; fileRef = 904DC614267258DB00DD799E /* G2.mp3 */; };
		904DC643267258DC00DD799E /* E2.mp3 in Resources */ = {isa = PBXBuildFile; fileRef = 904DC615267258DB00DD799E /* E2.mp3 */; };
		904DC644267258DC00DD799E /* E4.mp3 in Resources */ = {isa = PBXBuildFile; fileRef = 904DC616267258DB00DD799E /* E4.mp3 */; };
		904DC645267258DC00DD799E /* C#3.mp3 in Resources */ = {isa = PBXBuildFile; fileRef = 904DC617267258DB00DD799E /* C#3.mp3 */; };
		904DC646267258DC00DD799E /* C5.mp3 in Resources */ = {isa = PBXBuildFile; fileRef = 904DC618267258DB00DD799E /* C5.mp3 */; };
		904DC647267258DC00DD799E /* A4.mp3 in Resources */ = {isa = PBXBuildFile; fileRef = 904DC619267258DB00DD799E /* A4.mp3 */; };
		904DC648267258DC00DD799E /* G#4.mp3 in Resources */ = {isa = PBXBuildFile; fileRef = 904DC61A267258DB00DD799E /* G#4.mp3 */; };
		904DC649267258DC00DD799E /* G#5.mp3 in Resources */ = {isa = PBXBuildFile; fileRef = 904DC61B267258DC00DD799E /* G#5.mp3 */; };
		904DC64A267258DC00DD799E /* B4.mp3 in Resources */ = {isa = PBXBuildFile; fileRef = 904DC61C267258DC00DD799E /* B4.mp3 */; };
		904DC64B267258DC00DD799E /* A#4.mp3 in Resources */ = {isa = PBXBuildFile; fileRef = 904DC61D267258DC00DD799E /* A#4.mp3 */; };
		904DC64C267258DC00DD799E /* D4.mp3 in Resources */ = {isa = PBXBuildFile; fileRef = 904DC61E267258DC00DD799E /* D4.mp3 */; };
		904DC64D267258DC00DD799E /* A5.mp3 in Resources */ = {isa = PBXBuildFile; fileRef = 904DC61F267258DC00DD799E /* A5.mp3 */; };
		904DC64E267258DC00DD799E /* F4.mp3 in Resources */ = {isa = PBXBuildFile; fileRef = 904DC620267258DC00DD799E /* F4.mp3 */; };
		904DC64F267258DC00DD799E /* A#2.mp3 in Resources */ = {isa = PBXBuildFile; fileRef = 904DC621267258DC00DD799E /* A#2.mp3 */; };
		904DC650267258DC00DD799E /* G4.mp3 in Resources */ = {isa = PBXBuildFile; fileRef = 904DC622267258DC00DD799E /* G4.mp3 */; };
		904DC651267258DC00DD799E /* D#3.mp3 in Resources */ = {isa = PBXBuildFile; fileRef = 904DC623267258DC00DD799E /* D#3.mp3 */; };
		904DC652267258DC00DD799E /* A2.mp3 in Resources */ = {isa = PBXBuildFile; fileRef = 904DC624267258DC00DD799E /* A2.mp3 */; };
		904DC653267258DC00DD799E /* B3.mp3 in Resources */ = {isa = PBXBuildFile; fileRef = 904DC625267258DC00DD799E /* B3.mp3 */; };
		904DC654267258DC00DD799E /* D#5.mp3 in Resources */ = {isa = PBXBuildFile; fileRef = 904DC626267258DC00DD799E /* D#5.mp3 */; };
		904DC655267258DC00DD799E /* C#5.mp3 in Resources */ = {isa = PBXBuildFile; fileRef = 904DC627267258DC00DD799E /* C#5.mp3 */; };
		904DC656267258DC00DD799E /* D#4.mp3 in Resources */ = {isa = PBXBuildFile; fileRef = 904DC628267258DC00DD799E /* D#4.mp3 */; };
		904DC65E2672EB6A00DD799E /* NotesMapping.swift in Sources */ = {isa = PBXBuildFile; fileRef = 904DC65D2672EB6A00DD799E /* NotesMapping.swift */; };
		90766AF7267A474100FFA576 /* audio.json in Resources */ = {isa = PBXBuildFile; fileRef = 90766AF3267A474000FFA576 /* audio.json */; };
		90766AF8267A474100FFA576 /* siri.m4a in Resources */ = {isa = PBXBuildFile; fileRef = 90766AF4267A474000FFA576 /* siri.m4a */; };
		90766AF9267A474100FFA576 /* volumen.json in Resources */ = {isa = PBXBuildFile; fileRef = 90766AF5267A474100FFA576 /* volumen.json */; };
		90766AFA267A474100FFA576 /* musicbar.json in Resources */ = {isa = PBXBuildFile; fileRef = 90766AF6267A474100FFA576 /* musicbar.json */; };
		90766AFF267A5A1700FFA576 /* AutomaticTuner.storyboard in Resources */ = {isa = PBXBuildFile; fileRef = 90766AFE267A5A1700FFA576 /* AutomaticTuner.storyboard */; };
		90766B01267A629F00FFA576 /* circle-grow.json in Resources */ = {isa = PBXBuildFile; fileRef = 90766B00267A629F00FFA576 /* circle-grow.json */; };
		90766B03267A637C00FFA576 /* circle-grow-2.json in Resources */ = {isa = PBXBuildFile; fileRef = 90766B02267A637C00FFA576 /* circle-grow-2.json */; };
		90766B05267A67D000FFA576 /* SelectorViewController.swift in Sources */ = {isa = PBXBuildFile; fileRef = 90766B04267A67D000FFA576 /* SelectorViewController.swift */; };
		90B0163D2671085A0054ED9D /* ChordQuality.swift in Sources */ = {isa = PBXBuildFile; fileRef = 90B0163C2671085A0054ED9D /* ChordQuality.swift */; };
		90B0163F26710C490054ED9D /* Database.swift in Sources */ = {isa = PBXBuildFile; fileRef = 90B0163E26710C490054ED9D /* Database.swift */; };
		90BA3CD3267A2EA4004F1804 /* InstructionListTableViewCell.swift in Sources */ = {isa = PBXBuildFile; fileRef = 90BA3CCE267A2EA4004F1804 /* InstructionListTableViewCell.swift */; };
		90BA3CD4267A2EA4004F1804 /* InstructionViewController.swift in Sources */ = {isa = PBXBuildFile; fileRef = 90BA3CCF267A2EA4004F1804 /* InstructionViewController.swift */; };
		90BA3CD5267A2EA4004F1804 /* SettingListViewController.swift in Sources */ = {isa = PBXBuildFile; fileRef = 90BA3CD0267A2EA4004F1804 /* SettingListViewController.swift */; };
		90BA3CD8267A2F3C004F1804 /* SettingViewController.swift in Sources */ = {isa = PBXBuildFile; fileRef = 90BA3CD7267A2F3C004F1804 /* SettingViewController.swift */; };
		90CD99972676106400464E25 /* AudioKit in Frameworks */ = {isa = PBXBuildFile; productRef = 90CD99962676106400464E25 /* AudioKit */; };
		90CD999A2676107E00464E25 /* SoundpipeAudioKit in Frameworks */ = {isa = PBXBuildFile; productRef = 90CD99992676107E00464E25 /* SoundpipeAudioKit */; };
		90CD999F267610F000464E25 /* AutomaticTunerViewController.swift in Sources */ = {isa = PBXBuildFile; fileRef = 90CD999E267610F000464E25 /* AutomaticTunerViewController.swift */; };
		90CD99A1267611C600464E25 /* TunerData.swift in Sources */ = {isa = PBXBuildFile; fileRef = 90CD99A0267611C600464E25 /* TunerData.swift */; };
		90CD99A3267689D700464E25 /* TunerConductor.swift in Sources */ = {isa = PBXBuildFile; fileRef = 90CD99A2267689D700464E25 /* TunerConductor.swift */; };
		90CD99A52676931100464E25 /* NoteFrequency.swift in Sources */ = {isa = PBXBuildFile; fileRef = 90CD99A42676931100464E25 /* NoteFrequency.swift */; };
		BD8BC1F92671B0E800A49D44 /* ColorLibrary.swift in Sources */ = {isa = PBXBuildFile; fileRef = BD8BC1F82671B0E800A49D44 /* ColorLibrary.swift */; };
		BD9EE8B3266E3D2B0081B951 /* Product Sans Italic.ttf in Resources */ = {isa = PBXBuildFile; fileRef = BD9EE8AF266E3D2B0081B951 /* Product Sans Italic.ttf */; };
		BD9EE8B4266E3D2B0081B951 /* Product Sans Regular.ttf in Resources */ = {isa = PBXBuildFile; fileRef = BD9EE8B0266E3D2B0081B951 /* Product Sans Regular.ttf */; };
		BD9EE8B5266E3D2B0081B951 /* Product Sans Bold Italic.ttf in Resources */ = {isa = PBXBuildFile; fileRef = BD9EE8B1266E3D2B0081B951 /* Product Sans Bold Italic.ttf */; };
		BD9EE8B6266E3D2B0081B951 /* Product Sans Bold.ttf in Resources */ = {isa = PBXBuildFile; fileRef = BD9EE8B2266E3D2B0081B951 /* Product Sans Bold.ttf */; };
		BD9EE8BA266E46C90081B951 /* GradientView.swift in Sources */ = {isa = PBXBuildFile; fileRef = BD9EE8B9266E46C90081B951 /* GradientView.swift */; };
		BDE09EDD267721D0007E0878 /* RoundedButton.swift in Sources */ = {isa = PBXBuildFile; fileRef = BDE09EDC267721D0007E0878 /* RoundedButton.swift */; };
		D8355D752677925C00F2D718 /* FingerIndicator.swift in Sources */ = {isa = PBXBuildFile; fileRef = D8355D742677925C00F2D718 /* FingerIndicator.swift */; };
/* End PBXBuildFile section */

/* Begin PBXFileReference section */
		522785A7266E579C005BF33E /* NetworkManager.swift */ = {isa = PBXFileReference; lastKnownFileType = sourcecode.swift; path = NetworkManager.swift; sourceTree = "<group>"; };
		522785B9266E58FC005BF33E /* Setting.storyboard */ = {isa = PBXFileReference; lastKnownFileType = file.storyboard; path = Setting.storyboard; sourceTree = "<group>"; };
		522785BF266E591B005BF33E /* ChordVoice.storyboard */ = {isa = PBXFileReference; lastKnownFileType = file.storyboard; path = ChordVoice.storyboard; sourceTree = "<group>"; };
		522785C2266E5925005BF33E /* ChordPicker.storyboard */ = {isa = PBXFileReference; lastKnownFileType = file.storyboard; path = ChordPicker.storyboard; sourceTree = "<group>"; };
		522785C5266E592E005BF33E /* ChordDetail.storyboard */ = {isa = PBXFileReference; lastKnownFileType = file.storyboard; path = ChordDetail.storyboard; sourceTree = "<group>"; };
		522785C9266E5AC2005BF33E /* OnBoardingViewController.swift */ = {isa = PBXFileReference; lastKnownFileType = sourcecode.swift; path = OnBoardingViewController.swift; sourceTree = "<group>"; };
		522785CD266E5AFA005BF33E /* ChordVoiceViewController.swift */ = {isa = PBXFileReference; lastKnownFileType = sourcecode.swift; path = ChordVoiceViewController.swift; sourceTree = "<group>"; };
		522785D0266E5B04005BF33E /* ChordPickerViewController.swift */ = {isa = PBXFileReference; lastKnownFileType = sourcecode.swift; path = ChordPickerViewController.swift; sourceTree = "<group>"; };
		522785D3266E5B0D005BF33E /* ChordDetailViewController.swift */ = {isa = PBXFileReference; lastKnownFileType = sourcecode.swift; path = ChordDetailViewController.swift; sourceTree = "<group>"; };
		522785E0266E5CE4005BF33E /* ChordPickerTuner.storyboard */ = {isa = PBXFileReference; lastKnownFileType = file.storyboard; path = ChordPickerTuner.storyboard; sourceTree = "<group>"; };
		522785E4266E5D2F005BF33E /* ChordPickerChord.storyboard */ = {isa = PBXFileReference; lastKnownFileType = file.storyboard; path = ChordPickerChord.storyboard; sourceTree = "<group>"; };
		522785E7266E5D6B005BF33E /* ChordVoiceChord.storyboard */ = {isa = PBXFileReference; lastKnownFileType = file.storyboard; path = ChordVoiceChord.storyboard; sourceTree = "<group>"; };
		522785EA266E5D77005BF33E /* ChordVoiceTuner.storyboard */ = {isa = PBXFileReference; lastKnownFileType = file.storyboard; path = ChordVoiceTuner.storyboard; sourceTree = "<group>"; };
		522785F5266E5F0C005BF33E /* ChordVoiceTunerViewController.swift */ = {isa = PBXFileReference; lastKnownFileType = sourcecode.swift; path = ChordVoiceTunerViewController.swift; sourceTree = "<group>"; };
		522785F9266E5F36005BF33E /* ChordPickerTunerViewController.swift */ = {isa = PBXFileReference; lastKnownFileType = sourcecode.swift; path = ChordPickerTunerViewController.swift; sourceTree = "<group>"; };
		52698D0A266DE9D5004F7AD6 /* Gitra.app */ = {isa = PBXFileReference; explicitFileType = wrapper.application; includeInIndex = 0; path = Gitra.app; sourceTree = BUILT_PRODUCTS_DIR; };
		52698D0D266DE9D5004F7AD6 /* AppDelegate.swift */ = {isa = PBXFileReference; lastKnownFileType = sourcecode.swift; path = AppDelegate.swift; sourceTree = "<group>"; };
		52698D0F266DE9D5004F7AD6 /* SceneDelegate.swift */ = {isa = PBXFileReference; lastKnownFileType = sourcecode.swift; path = SceneDelegate.swift; sourceTree = "<group>"; };
		52698D14266DE9D5004F7AD6 /* Base */ = {isa = PBXFileReference; lastKnownFileType = file.storyboard; name = Base; path = Base.lproj/Main.storyboard; sourceTree = "<group>"; };
		52698D17266DE9D5004F7AD6 /* Gitra.xcdatamodel */ = {isa = PBXFileReference; lastKnownFileType = wrapper.xcdatamodel; path = Gitra.xcdatamodel; sourceTree = "<group>"; };
		52698D19266DE9D8004F7AD6 /* Assets.xcassets */ = {isa = PBXFileReference; lastKnownFileType = folder.assetcatalog; path = Assets.xcassets; sourceTree = "<group>"; };
		52698D1C266DE9D8004F7AD6 /* Base */ = {isa = PBXFileReference; lastKnownFileType = file.storyboard; name = Base; path = Base.lproj/LaunchScreen.storyboard; sourceTree = "<group>"; };
		52698D1E266DE9D8004F7AD6 /* Info.plist */ = {isa = PBXFileReference; lastKnownFileType = text.plist.xml; path = Info.plist; sourceTree = "<group>"; };
		5293C812266F339100151BF7 /* ChordResponse.swift */ = {isa = PBXFileReference; lastKnownFileType = sourcecode.swift; path = ChordResponse.swift; sourceTree = "<group>"; };
		5293C815266F346E00151BF7 /* ChordModel.swift */ = {isa = PBXFileReference; lastKnownFileType = sourcecode.swift; path = ChordModel.swift; sourceTree = "<group>"; };
		52EE72E126724D5500B3E7EE /* Helper.swift */ = {isa = PBXFileReference; lastKnownFileType = sourcecode.swift; path = Helper.swift; sourceTree = "<group>"; };
		52EE72EC26726B2100B3E7EE /* SoundHelper.swift */ = {isa = PBXFileReference; lastKnownFileType = sourcecode.swift; path = SoundHelper.swift; sourceTree = "<group>"; };
		79C7DC9E2673B224006D4104 /* SettingsDatabase.swift */ = {isa = PBXFileReference; lastKnownFileType = sourcecode.swift; path = SettingsDatabase.swift; sourceTree = "<group>"; };
		7CC7CDD6266F491F001C0C9C /* OnBoardingAnimation.swift */ = {isa = PBXFileReference; lastKnownFileType = sourcecode.swift; path = OnBoardingAnimation.swift; sourceTree = "<group>"; };
		904DC5FB267258D900DD799E /* E5.mp3 */ = {isa = PBXFileReference; lastKnownFileType = audio.mp3; path = E5.mp3; sourceTree = "<group>"; };
		904DC5FC267258D900DD799E /* G5.mp3 */ = {isa = PBXFileReference; lastKnownFileType = audio.mp3; path = G5.mp3; sourceTree = "<group>"; };
		904DC5FD267258DA00DD799E /* F#3.mp3 */ = {isa = PBXFileReference; lastKnownFileType = audio.mp3; path = "F#3.mp3"; sourceTree = "<group>"; };
		904DC5FE267258DA00DD799E /* A3.mp3 */ = {isa = PBXFileReference; lastKnownFileType = audio.mp3; path = A3.mp3; sourceTree = "<group>"; };
		904DC5FF267258DA00DD799E /* B5.mp3 */ = {isa = PBXFileReference; lastKnownFileType = audio.mp3; path = B5.mp3; sourceTree = "<group>"; };
		904DC600267258DA00DD799E /* G#2.mp3 */ = {isa = PBXFileReference; lastKnownFileType = audio.mp3; path = "G#2.mp3"; sourceTree = "<group>"; };
		904DC601267258DA00DD799E /* G#3.mp3 */ = {isa = PBXFileReference; lastKnownFileType = audio.mp3; path = "G#3.mp3"; sourceTree = "<group>"; };
		904DC602267258DA00DD799E /* A#3.mp3 */ = {isa = PBXFileReference; lastKnownFileType = audio.mp3; path = "A#3.mp3"; sourceTree = "<group>"; };
		904DC603267258DA00DD799E /* G3.mp3 */ = {isa = PBXFileReference; lastKnownFileType = audio.mp3; path = G3.mp3; sourceTree = "<group>"; };
		904DC604267258DA00DD799E /* C#4.mp3 */ = {isa = PBXFileReference; lastKnownFileType = audio.mp3; path = "C#4.mp3"; sourceTree = "<group>"; };
		904DC605267258DA00DD799E /* C#6.mp3 */ = {isa = PBXFileReference; lastKnownFileType = audio.mp3; path = "C#6.mp3"; sourceTree = "<group>"; };
		904DC606267258DA00DD799E /* E3.mp3 */ = {isa = PBXFileReference; lastKnownFileType = audio.mp3; path = E3.mp3; sourceTree = "<group>"; };
		904DC607267258DA00DD799E /* F3.mp3 */ = {isa = PBXFileReference; lastKnownFileType = audio.mp3; path = F3.mp3; sourceTree = "<group>"; };
		904DC608267258DA00DD799E /* F5.mp3 */ = {isa = PBXFileReference; lastKnownFileType = audio.mp3; path = F5.mp3; sourceTree = "<group>"; };
		904DC609267258DA00DD799E /* C3.mp3 */ = {isa = PBXFileReference; lastKnownFileType = audio.mp3; path = C3.mp3; sourceTree = "<group>"; };
		904DC60A267258DA00DD799E /* C6.mp3 */ = {isa = PBXFileReference; lastKnownFileType = audio.mp3; path = C6.mp3; sourceTree = "<group>"; };
		904DC60B267258DA00DD799E /* D3.mp3 */ = {isa = PBXFileReference; lastKnownFileType = audio.mp3; path = D3.mp3; sourceTree = "<group>"; };
		904DC60C267258DB00DD799E /* F#5.mp3 */ = {isa = PBXFileReference; lastKnownFileType = audio.mp3; path = "F#5.mp3"; sourceTree = "<group>"; };
		904DC60D267258DB00DD799E /* D5.mp3 */ = {isa = PBXFileReference; lastKnownFileType = audio.mp3; path = D5.mp3; sourceTree = "<group>"; };
		904DC60E267258DB00DD799E /* F#2.mp3 */ = {isa = PBXFileReference; lastKnownFileType = audio.mp3; path = "F#2.mp3"; sourceTree = "<group>"; };
		904DC60F267258DB00DD799E /* F2.mp3 */ = {isa = PBXFileReference; lastKnownFileType = audio.mp3; path = F2.mp3; sourceTree = "<group>"; };
		904DC610267258DB00DD799E /* C4.mp3 */ = {isa = PBXFileReference; lastKnownFileType = audio.mp3; path = C4.mp3; sourceTree = "<group>"; };
		904DC611267258DB00DD799E /* A#5.mp3 */ = {isa = PBXFileReference; lastKnownFileType = audio.mp3; path = "A#5.mp3"; sourceTree = "<group>"; };
		904DC612267258DB00DD799E /* B2.mp3 */ = {isa = PBXFileReference; lastKnownFileType = audio.mp3; path = B2.mp3; sourceTree = "<group>"; };
		904DC613267258DB00DD799E /* F#4.mp3 */ = {isa = PBXFileReference; lastKnownFileType = audio.mp3; path = "F#4.mp3"; sourceTree = "<group>"; };
		904DC614267258DB00DD799E /* G2.mp3 */ = {isa = PBXFileReference; lastKnownFileType = audio.mp3; path = G2.mp3; sourceTree = "<group>"; };
		904DC615267258DB00DD799E /* E2.mp3 */ = {isa = PBXFileReference; lastKnownFileType = audio.mp3; path = E2.mp3; sourceTree = "<group>"; };
		904DC616267258DB00DD799E /* E4.mp3 */ = {isa = PBXFileReference; lastKnownFileType = audio.mp3; path = E4.mp3; sourceTree = "<group>"; };
		904DC617267258DB00DD799E /* C#3.mp3 */ = {isa = PBXFileReference; lastKnownFileType = audio.mp3; path = "C#3.mp3"; sourceTree = "<group>"; };
		904DC618267258DB00DD799E /* C5.mp3 */ = {isa = PBXFileReference; lastKnownFileType = audio.mp3; path = C5.mp3; sourceTree = "<group>"; };
		904DC619267258DB00DD799E /* A4.mp3 */ = {isa = PBXFileReference; lastKnownFileType = audio.mp3; path = A4.mp3; sourceTree = "<group>"; };
		904DC61A267258DB00DD799E /* G#4.mp3 */ = {isa = PBXFileReference; lastKnownFileType = audio.mp3; path = "G#4.mp3"; sourceTree = "<group>"; };
		904DC61B267258DC00DD799E /* G#5.mp3 */ = {isa = PBXFileReference; lastKnownFileType = audio.mp3; path = "G#5.mp3"; sourceTree = "<group>"; };
		904DC61C267258DC00DD799E /* B4.mp3 */ = {isa = PBXFileReference; lastKnownFileType = audio.mp3; path = B4.mp3; sourceTree = "<group>"; };
		904DC61D267258DC00DD799E /* A#4.mp3 */ = {isa = PBXFileReference; lastKnownFileType = audio.mp3; path = "A#4.mp3"; sourceTree = "<group>"; };
		904DC61E267258DC00DD799E /* D4.mp3 */ = {isa = PBXFileReference; lastKnownFileType = audio.mp3; path = D4.mp3; sourceTree = "<group>"; };
		904DC61F267258DC00DD799E /* A5.mp3 */ = {isa = PBXFileReference; lastKnownFileType = audio.mp3; path = A5.mp3; sourceTree = "<group>"; };
		904DC620267258DC00DD799E /* F4.mp3 */ = {isa = PBXFileReference; lastKnownFileType = audio.mp3; path = F4.mp3; sourceTree = "<group>"; };
		904DC621267258DC00DD799E /* A#2.mp3 */ = {isa = PBXFileReference; lastKnownFileType = audio.mp3; path = "A#2.mp3"; sourceTree = "<group>"; };
		904DC622267258DC00DD799E /* G4.mp3 */ = {isa = PBXFileReference; lastKnownFileType = audio.mp3; path = G4.mp3; sourceTree = "<group>"; };
		904DC623267258DC00DD799E /* D#3.mp3 */ = {isa = PBXFileReference; lastKnownFileType = audio.mp3; path = "D#3.mp3"; sourceTree = "<group>"; };
		904DC624267258DC00DD799E /* A2.mp3 */ = {isa = PBXFileReference; lastKnownFileType = audio.mp3; path = A2.mp3; sourceTree = "<group>"; };
		904DC625267258DC00DD799E /* B3.mp3 */ = {isa = PBXFileReference; lastKnownFileType = audio.mp3; path = B3.mp3; sourceTree = "<group>"; };
		904DC626267258DC00DD799E /* D#5.mp3 */ = {isa = PBXFileReference; lastKnownFileType = audio.mp3; path = "D#5.mp3"; sourceTree = "<group>"; };
		904DC627267258DC00DD799E /* C#5.mp3 */ = {isa = PBXFileReference; lastKnownFileType = audio.mp3; path = "C#5.mp3"; sourceTree = "<group>"; };
		904DC628267258DC00DD799E /* D#4.mp3 */ = {isa = PBXFileReference; lastKnownFileType = audio.mp3; path = "D#4.mp3"; sourceTree = "<group>"; };
		904DC65D2672EB6A00DD799E /* NotesMapping.swift */ = {isa = PBXFileReference; lastKnownFileType = sourcecode.swift; path = NotesMapping.swift; sourceTree = "<group>"; };
		90766AF3267A474000FFA576 /* audio.json */ = {isa = PBXFileReference; fileEncoding = 4; lastKnownFileType = text.json; path = audio.json; sourceTree = "<group>"; };
		90766AF4267A474000FFA576 /* siri.m4a */ = {isa = PBXFileReference; lastKnownFileType = file; path = siri.m4a; sourceTree = "<group>"; };
		90766AF5267A474100FFA576 /* volumen.json */ = {isa = PBXFileReference; fileEncoding = 4; lastKnownFileType = text.json; path = volumen.json; sourceTree = "<group>"; };
		90766AF6267A474100FFA576 /* musicbar.json */ = {isa = PBXFileReference; fileEncoding = 4; lastKnownFileType = text.json; path = musicbar.json; sourceTree = "<group>"; };
		90766AFE267A5A1700FFA576 /* AutomaticTuner.storyboard */ = {isa = PBXFileReference; fileEncoding = 4; lastKnownFileType = file.storyboard; path = AutomaticTuner.storyboard; sourceTree = "<group>"; };
		90766B00267A629F00FFA576 /* circle-grow.json */ = {isa = PBXFileReference; fileEncoding = 4; lastKnownFileType = text.json; path = "circle-grow.json"; sourceTree = "<group>"; };
		90766B02267A637C00FFA576 /* circle-grow-2.json */ = {isa = PBXFileReference; fileEncoding = 4; lastKnownFileType = text.json; path = "circle-grow-2.json"; sourceTree = "<group>"; };
		90766B04267A67D000FFA576 /* SelectorViewController.swift */ = {isa = PBXFileReference; lastKnownFileType = sourcecode.swift; path = SelectorViewController.swift; sourceTree = "<group>"; };
		90B0163C2671085A0054ED9D /* ChordQuality.swift */ = {isa = PBXFileReference; lastKnownFileType = sourcecode.swift; path = ChordQuality.swift; sourceTree = "<group>"; };
		90B0163E26710C490054ED9D /* Database.swift */ = {isa = PBXFileReference; lastKnownFileType = sourcecode.swift; path = Database.swift; sourceTree = "<group>"; };
		90BA3CCD267A2EA4004F1804 /* SettingViewController.swift */ = {isa = PBXFileReference; fileEncoding = 4; lastKnownFileType = sourcecode.swift; path = SettingViewController.swift; sourceTree = "<group>"; };
		90BA3CCE267A2EA4004F1804 /* InstructionListTableViewCell.swift */ = {isa = PBXFileReference; fileEncoding = 4; lastKnownFileType = sourcecode.swift; path = InstructionListTableViewCell.swift; sourceTree = "<group>"; };
		90BA3CCF267A2EA4004F1804 /* InstructionViewController.swift */ = {isa = PBXFileReference; fileEncoding = 4; lastKnownFileType = sourcecode.swift; path = InstructionViewController.swift; sourceTree = "<group>"; };
		90BA3CD0267A2EA4004F1804 /* SettingListViewController.swift */ = {isa = PBXFileReference; fileEncoding = 4; lastKnownFileType = sourcecode.swift; path = SettingListViewController.swift; sourceTree = "<group>"; };
		90BA3CD1267A2EA4004F1804 /* SettingsDatabase.swift */ = {isa = PBXFileReference; fileEncoding = 4; lastKnownFileType = sourcecode.swift; path = SettingsDatabase.swift; sourceTree = "<group>"; };
		90BA3CD7267A2F3C004F1804 /* SettingViewController.swift */ = {isa = PBXFileReference; fileEncoding = 4; lastKnownFileType = sourcecode.swift; path = SettingViewController.swift; sourceTree = "<group>"; };
		90CD999E267610F000464E25 /* AutomaticTunerViewController.swift */ = {isa = PBXFileReference; lastKnownFileType = sourcecode.swift; path = AutomaticTunerViewController.swift; sourceTree = "<group>"; };
		90CD99A0267611C600464E25 /* TunerData.swift */ = {isa = PBXFileReference; lastKnownFileType = sourcecode.swift; path = TunerData.swift; sourceTree = "<group>"; };
		90CD99A2267689D700464E25 /* TunerConductor.swift */ = {isa = PBXFileReference; lastKnownFileType = sourcecode.swift; path = TunerConductor.swift; sourceTree = "<group>"; };
		90CD99A42676931100464E25 /* NoteFrequency.swift */ = {isa = PBXFileReference; lastKnownFileType = sourcecode.swift; path = NoteFrequency.swift; sourceTree = "<group>"; };
		BD8BC1F82671B0E800A49D44 /* ColorLibrary.swift */ = {isa = PBXFileReference; lastKnownFileType = sourcecode.swift; path = ColorLibrary.swift; sourceTree = "<group>"; };
		BD9EE8AF266E3D2B0081B951 /* Product Sans Italic.ttf */ = {isa = PBXFileReference; lastKnownFileType = file; path = "Product Sans Italic.ttf"; sourceTree = "<group>"; };
		BD9EE8B0266E3D2B0081B951 /* Product Sans Regular.ttf */ = {isa = PBXFileReference; lastKnownFileType = file; path = "Product Sans Regular.ttf"; sourceTree = "<group>"; };
		BD9EE8B1266E3D2B0081B951 /* Product Sans Bold Italic.ttf */ = {isa = PBXFileReference; lastKnownFileType = file; path = "Product Sans Bold Italic.ttf"; sourceTree = "<group>"; };
		BD9EE8B2266E3D2B0081B951 /* Product Sans Bold.ttf */ = {isa = PBXFileReference; lastKnownFileType = file; path = "Product Sans Bold.ttf"; sourceTree = "<group>"; };
		BD9EE8B9266E46C90081B951 /* GradientView.swift */ = {isa = PBXFileReference; lastKnownFileType = sourcecode.swift; path = GradientView.swift; sourceTree = "<group>"; };
		BDE09EDC267721D0007E0878 /* RoundedButton.swift */ = {isa = PBXFileReference; lastKnownFileType = sourcecode.swift; path = RoundedButton.swift; sourceTree = "<group>"; };
		D8355D742677925C00F2D718 /* FingerIndicator.swift */ = {isa = PBXFileReference; fileEncoding = 4; lastKnownFileType = sourcecode.swift; path = FingerIndicator.swift; sourceTree = "<group>"; };
/* End PBXFileReference section */

/* Begin PBXFrameworksBuildPhase section */
		52698D07266DE9D5004F7AD6 /* Frameworks */ = {
			isa = PBXFrameworksBuildPhase;
			buildActionMask = 2147483647;
			files = (
				90CD99972676106400464E25 /* AudioKit in Frameworks */,
				52C517DA267121A6002B5136 /* Lottie in Frameworks */,
				90CD999A2676107E00464E25 /* SoundpipeAudioKit in Frameworks */,
			);
			runOnlyForDeploymentPostprocessing = 0;
		};
/* End PBXFrameworksBuildPhase section */

/* Begin PBXGroup section */
		522785A1266E56F9005BF33E /* Theme */ = {
			isa = PBXGroup;
			children = (
				90766AFB267A475000FFA576 /* JSON */,
				904DC5FA2672587300DD799E /* Sounds */,
				BD8BC1F72671B0C700A49D44 /* Colors */,
				BD9EE8AE266E3CF80081B951 /* Fonts */,
				BDE09EDC267721D0007E0878 /* RoundedButton.swift */,
			);
			path = Theme;
			sourceTree = "<group>";
		};
		522785A2266E573D005BF33E /* Helper */ = {
			isa = PBXGroup;
			children = (
				904DC65D2672EB6A00DD799E /* NotesMapping.swift */,
				52EE72E126724D5500B3E7EE /* Helper.swift */,
				52EE72EC26726B2100B3E7EE /* SoundHelper.swift */,
				90CD99A2267689D700464E25 /* TunerConductor.swift */,
			);
			path = Helper;
			sourceTree = "<group>";
		};
		522785A3266E5747005BF33E /* Utilities */ = {
			isa = PBXGroup;
			children = (
				522785AC266E57CE005BF33E /* Core Data */,
				522785A4266E5753005BF33E /* Networking */,
			);
			path = Utilities;
			sourceTree = "<group>";
		};
		522785A4266E5753005BF33E /* Networking */ = {
			isa = PBXGroup;
			children = (
				522785A6266E578C005BF33E /* Response */,
				522785A7266E579C005BF33E /* NetworkManager.swift */,
			);
			path = Networking;
			sourceTree = "<group>";
		};
		522785A5266E577F005BF33E /* Feature */ = {
			isa = PBXGroup;
			children = (
			);
			path = Feature;
			sourceTree = "<group>";
		};
		522785A6266E578C005BF33E /* Response */ = {
			isa = PBXGroup;
			children = (
				5293C812266F339100151BF7 /* ChordResponse.swift */,
			);
			path = Response;
			sourceTree = "<group>";
		};
		522785AB266E57B1005BF33E /* Controller */ = {
			isa = PBXGroup;
			children = (
				90CD999D267610D600464E25 /* Tuner */,
				522785FE266E5F6A005BF33E /* Setting */,
				522785FC266E5F5A005BF33E /* Chord Detail */,
				522785F4266E5E9D005BF33E /* Chord Picker */,
				522785EF266E5E37005BF33E /* Chord Voice */,
				522785EE266E5E28005BF33E /* OnBoarding */,
			);
			path = Controller;
			sourceTree = "<group>";
		};
		522785AC266E57CE005BF33E /* Core Data */ = {
			isa = PBXGroup;
			children = (
				D8355D742677925C00F2D718 /* FingerIndicator.swift */,
				52698D16266DE9D5004F7AD6 /* Gitra.xcdatamodeld */,
				5293C815266F346E00151BF7 /* ChordModel.swift */,
				90B0163C2671085A0054ED9D /* ChordQuality.swift */,
				90B0163E26710C490054ED9D /* Database.swift */,
				90CD99A0267611C600464E25 /* TunerData.swift */,
				90CD99A42676931100464E25 /* NoteFrequency.swift */,
			);
			path = "Core Data";
			sourceTree = "<group>";
		};
		522785AD266E57DF005BF33E /* View */ = {
			isa = PBXGroup;
			children = (
				7CC7CDD6266F491F001C0C9C /* OnBoardingAnimation.swift */,
			);
			path = View;
			sourceTree = "<group>";
		};
		522785AE266E57EB005BF33E /* Storyboard */ = {
			isa = PBXGroup;
			children = (
				52698D13266DE9D5004F7AD6 /* Main.storyboard */,
				522785BF266E591B005BF33E /* ChordVoice.storyboard */,
				522785E7266E5D6B005BF33E /* ChordVoiceChord.storyboard */,
				522785EA266E5D77005BF33E /* ChordVoiceTuner.storyboard */,
				522785C2266E5925005BF33E /* ChordPicker.storyboard */,
				522785E0266E5CE4005BF33E /* ChordPickerTuner.storyboard */,
				522785E4266E5D2F005BF33E /* ChordPickerChord.storyboard */,
				522785C5266E592E005BF33E /* ChordDetail.storyboard */,
				522785B9266E58FC005BF33E /* Setting.storyboard */,
				90766AFE267A5A1700FFA576 /* AutomaticTuner.storyboard */,
			);
			path = Storyboard;
			sourceTree = "<group>";
		};
		522785EE266E5E28005BF33E /* OnBoarding */ = {
			isa = PBXGroup;
			children = (
				522785C9266E5AC2005BF33E /* OnBoardingViewController.swift */,
				90766B04267A67D000FFA576 /* SelectorViewController.swift */,
			);
			path = OnBoarding;
			sourceTree = "<group>";
		};
		522785EF266E5E37005BF33E /* Chord Voice */ = {
			isa = PBXGroup;
			children = (
				522785CD266E5AFA005BF33E /* ChordVoiceViewController.swift */,
				522785F5266E5F0C005BF33E /* ChordVoiceTunerViewController.swift */,
			);
			path = "Chord Voice";
			sourceTree = "<group>";
		};
		522785F4266E5E9D005BF33E /* Chord Picker */ = {
			isa = PBXGroup;
			children = (
				522785D0266E5B04005BF33E /* ChordPickerViewController.swift */,
				522785F9266E5F36005BF33E /* ChordPickerTunerViewController.swift */,
			);
			path = "Chord Picker";
			sourceTree = "<group>";
		};
		522785FC266E5F5A005BF33E /* Chord Detail */ = {
			isa = PBXGroup;
			children = (
				522785D3266E5B0D005BF33E /* ChordDetailViewController.swift */,
			);
			path = "Chord Detail";
			sourceTree = "<group>";
		};
		522785FE266E5F6A005BF33E /* Setting */ = {
			isa = PBXGroup;
			children = (
				90BA3CCE267A2EA4004F1804 /* InstructionListTableViewCell.swift */,
				90BA3CCF267A2EA4004F1804 /* InstructionViewController.swift */,
				90BA3CD0267A2EA4004F1804 /* SettingListViewController.swift */,
				90BA3CD1267A2EA4004F1804 /* SettingsDatabase.swift */,
				90BA3CD7267A2F3C004F1804 /* SettingViewController.swift */,
				90BA3CCD267A2EA4004F1804 /* SettingViewController.swift */,
				79C7DC9E2673B224006D4104 /* SettingsDatabase.swift */,
			);
			path = Setting;
			sourceTree = "<group>";
		};
		52698D01266DE9D5004F7AD6 = {
			isa = PBXGroup;
			children = (
				52698D0C266DE9D5004F7AD6 /* Gitra */,
				52698D0B266DE9D5004F7AD6 /* Products */,
			);
			sourceTree = "<group>";
		};
		52698D0B266DE9D5004F7AD6 /* Products */ = {
			isa = PBXGroup;
			children = (
				52698D0A266DE9D5004F7AD6 /* Gitra.app */,
			);
			name = Products;
			sourceTree = "<group>";
		};
		52698D0C266DE9D5004F7AD6 /* Gitra */ = {
			isa = PBXGroup;
			children = (
				522785AE266E57EB005BF33E /* Storyboard */,
				522785AD266E57DF005BF33E /* View */,
				522785AB266E57B1005BF33E /* Controller */,
				522785A5266E577F005BF33E /* Feature */,
				522785A3266E5747005BF33E /* Utilities */,
				522785A2266E573D005BF33E /* Helper */,
				522785A1266E56F9005BF33E /* Theme */,
				52698D0D266DE9D5004F7AD6 /* AppDelegate.swift */,
				52698D0F266DE9D5004F7AD6 /* SceneDelegate.swift */,
				52698D19266DE9D8004F7AD6 /* Assets.xcassets */,
				52698D1B266DE9D8004F7AD6 /* LaunchScreen.storyboard */,
				52698D1E266DE9D8004F7AD6 /* Info.plist */,
			);
			path = Gitra;
			sourceTree = "<group>";
		};
		904DC5FA2672587300DD799E /* Sounds */ = {
			isa = PBXGroup;
			children = (
				90766AF4267A474000FFA576 /* siri.m4a */,
				904DC624267258DC00DD799E /* A2.mp3 */,
				904DC621267258DC00DD799E /* A#2.mp3 */,
				904DC602267258DA00DD799E /* A#3.mp3 */,
				904DC61D267258DC00DD799E /* A#4.mp3 */,
				904DC611267258DB00DD799E /* A#5.mp3 */,
				904DC5FE267258DA00DD799E /* A3.mp3 */,
				904DC619267258DB00DD799E /* A4.mp3 */,
				904DC61F267258DC00DD799E /* A5.mp3 */,
				904DC612267258DB00DD799E /* B2.mp3 */,
				904DC625267258DC00DD799E /* B3.mp3 */,
				904DC61C267258DC00DD799E /* B4.mp3 */,
				904DC5FF267258DA00DD799E /* B5.mp3 */,
				904DC617267258DB00DD799E /* C#3.mp3 */,
				904DC604267258DA00DD799E /* C#4.mp3 */,
				904DC627267258DC00DD799E /* C#5.mp3 */,
				904DC605267258DA00DD799E /* C#6.mp3 */,
				904DC609267258DA00DD799E /* C3.mp3 */,
				904DC610267258DB00DD799E /* C4.mp3 */,
				904DC618267258DB00DD799E /* C5.mp3 */,
				904DC60A267258DA00DD799E /* C6.mp3 */,
				904DC623267258DC00DD799E /* D#3.mp3 */,
				904DC628267258DC00DD799E /* D#4.mp3 */,
				904DC626267258DC00DD799E /* D#5.mp3 */,
				904DC60B267258DA00DD799E /* D3.mp3 */,
				904DC61E267258DC00DD799E /* D4.mp3 */,
				904DC60D267258DB00DD799E /* D5.mp3 */,
				904DC615267258DB00DD799E /* E2.mp3 */,
				904DC606267258DA00DD799E /* E3.mp3 */,
				904DC616267258DB00DD799E /* E4.mp3 */,
				904DC5FB267258D900DD799E /* E5.mp3 */,
				904DC60E267258DB00DD799E /* F#2.mp3 */,
				904DC5FD267258DA00DD799E /* F#3.mp3 */,
				904DC613267258DB00DD799E /* F#4.mp3 */,
				904DC60C267258DB00DD799E /* F#5.mp3 */,
				904DC60F267258DB00DD799E /* F2.mp3 */,
				904DC607267258DA00DD799E /* F3.mp3 */,
				904DC620267258DC00DD799E /* F4.mp3 */,
				904DC608267258DA00DD799E /* F5.mp3 */,
				904DC600267258DA00DD799E /* G#2.mp3 */,
				904DC601267258DA00DD799E /* G#3.mp3 */,
				904DC61A267258DB00DD799E /* G#4.mp3 */,
				904DC61B267258DC00DD799E /* G#5.mp3 */,
				904DC614267258DB00DD799E /* G2.mp3 */,
				904DC603267258DA00DD799E /* G3.mp3 */,
				904DC622267258DC00DD799E /* G4.mp3 */,
				904DC5FC267258D900DD799E /* G5.mp3 */,
			);
			path = Sounds;
			sourceTree = "<group>";
		};
		90766AFB267A475000FFA576 /* JSON */ = {
			isa = PBXGroup;
			children = (
				90766B02267A637C00FFA576 /* circle-grow-2.json */,
				90766B00267A629F00FFA576 /* circle-grow.json */,
				90766AF3267A474000FFA576 /* audio.json */,
				90766AF6267A474100FFA576 /* musicbar.json */,
				90766AF5267A474100FFA576 /* volumen.json */,
			);
			path = JSON;
			sourceTree = "<group>";
		};
		90CD999D267610D600464E25 /* Tuner */ = {
			isa = PBXGroup;
			children = (
				90CD999E267610F000464E25 /* AutomaticTunerViewController.swift */,
			);
			path = Tuner;
			sourceTree = "<group>";
		};
		BD8BC1F72671B0C700A49D44 /* Colors */ = {
			isa = PBXGroup;
			children = (
				BD8BC1F82671B0E800A49D44 /* ColorLibrary.swift */,
				BD9EE8B9266E46C90081B951 /* GradientView.swift */,
			);
			path = Colors;
			sourceTree = "<group>";
		};
		BD9EE8AE266E3CF80081B951 /* Fonts */ = {
			isa = PBXGroup;
			children = (
				BD9EE8B1266E3D2B0081B951 /* Product Sans Bold Italic.ttf */,
				BD9EE8B2266E3D2B0081B951 /* Product Sans Bold.ttf */,
				BD9EE8AF266E3D2B0081B951 /* Product Sans Italic.ttf */,
				BD9EE8B0266E3D2B0081B951 /* Product Sans Regular.ttf */,
			);
			path = Fonts;
			sourceTree = "<group>";
		};
/* End PBXGroup section */

/* Begin PBXNativeTarget section */
		52698D09266DE9D5004F7AD6 /* Gitra */ = {
			isa = PBXNativeTarget;
			buildConfigurationList = 52698D21266DE9D8004F7AD6 /* Build configuration list for PBXNativeTarget "Gitra" */;
			buildPhases = (
				52698D06266DE9D5004F7AD6 /* Sources */,
				52698D07266DE9D5004F7AD6 /* Frameworks */,
				52698D08266DE9D5004F7AD6 /* Resources */,
			);
			buildRules = (
			);
			dependencies = (
			);
			name = Gitra;
			packageProductDependencies = (
				52C517D9267121A6002B5136 /* Lottie */,
				90CD99962676106400464E25 /* AudioKit */,
				90CD99992676107E00464E25 /* SoundpipeAudioKit */,
			);
			productName = Gitra;
			productReference = 52698D0A266DE9D5004F7AD6 /* Gitra.app */;
			productType = "com.apple.product-type.application";
		};
/* End PBXNativeTarget section */

/* Begin PBXProject section */
		52698D02266DE9D5004F7AD6 /* Project object */ = {
			isa = PBXProject;
			attributes = {
				LastSwiftUpdateCheck = 1240;
				LastUpgradeCheck = 1240;
				TargetAttributes = {
					52698D09266DE9D5004F7AD6 = {
						CreatedOnToolsVersion = 12.4;
					};
				};
			};
			buildConfigurationList = 52698D05266DE9D5004F7AD6 /* Build configuration list for PBXProject "Gitra" */;
			compatibilityVersion = "Xcode 9.3";
			developmentRegion = en;
			hasScannedForEncodings = 0;
			knownRegions = (
				en,
				Base,
			);
			mainGroup = 52698D01266DE9D5004F7AD6;
			packageReferences = (
				52C517D8267121A6002B5136 /* XCRemoteSwiftPackageReference "lottie-ios" */,
				90CD99952676106400464E25 /* XCRemoteSwiftPackageReference "AudioKit" */,
				90CD99982676107E00464E25 /* XCRemoteSwiftPackageReference "SoundpipeAudioKit" */,
			);
			productRefGroup = 52698D0B266DE9D5004F7AD6 /* Products */;
			projectDirPath = "";
			projectRoot = "";
			targets = (
				52698D09266DE9D5004F7AD6 /* Gitra */,
			);
		};
/* End PBXProject section */

/* Begin PBXResourcesBuildPhase section */
		52698D08266DE9D5004F7AD6 /* Resources */ = {
			isa = PBXResourcesBuildPhase;
			buildActionMask = 2147483647;
			files = (
				904DC655267258DC00DD799E /* C#5.mp3 in Resources */,
				904DC646267258DC00DD799E /* C5.mp3 in Resources */,
				522785C0266E591B005BF33E /* ChordVoice.storyboard in Resources */,
				522785C3266E5925005BF33E /* ChordPicker.storyboard in Resources */,
				904DC645267258DC00DD799E /* C#3.mp3 in Resources */,
				52698D1D266DE9D8004F7AD6 /* LaunchScreen.storyboard in Resources */,
				904DC63A267258DC00DD799E /* F#5.mp3 in Resources */,
				904DC62B267258DC00DD799E /* F#3.mp3 in Resources */,
				90766AFA267A474100FFA576 /* musicbar.json in Resources */,
				904DC652267258DC00DD799E /* A2.mp3 in Resources */,
				904DC63E267258DC00DD799E /* C4.mp3 in Resources */,
				BD9EE8B6266E3D2B0081B951 /* Product Sans Bold.ttf in Resources */,
				904DC647267258DC00DD799E /* A4.mp3 in Resources */,
				904DC63C267258DC00DD799E /* F#2.mp3 in Resources */,
				90766AF7267A474100FFA576 /* audio.json in Resources */,
				904DC633267258DC00DD799E /* C#6.mp3 in Resources */,
				904DC63B267258DC00DD799E /* D5.mp3 in Resources */,
				BD9EE8B5266E3D2B0081B951 /* Product Sans Bold Italic.ttf in Resources */,
				904DC632267258DC00DD799E /* C#4.mp3 in Resources */,
				90766B03267A637C00FFA576 /* circle-grow-2.json in Resources */,
				904DC644267258DC00DD799E /* E4.mp3 in Resources */,
				904DC638267258DC00DD799E /* C6.mp3 in Resources */,
				904DC631267258DC00DD799E /* G3.mp3 in Resources */,
				522785E5266E5D2F005BF33E /* ChordPickerChord.storyboard in Resources */,
				904DC634267258DC00DD799E /* E3.mp3 in Resources */,
				BD9EE8B4266E3D2B0081B951 /* Product Sans Regular.ttf in Resources */,
				90766B01267A629F00FFA576 /* circle-grow.json in Resources */,
				52698D1A266DE9D8004F7AD6 /* Assets.xcassets in Resources */,
				90766AF9267A474100FFA576 /* volumen.json in Resources */,
				904DC63F267258DC00DD799E /* A#5.mp3 in Resources */,
				904DC62E267258DC00DD799E /* G#2.mp3 in Resources */,
				904DC62A267258DC00DD799E /* G5.mp3 in Resources */,
				904DC648267258DC00DD799E /* G#4.mp3 in Resources */,
				904DC64D267258DC00DD799E /* A5.mp3 in Resources */,
				522785EB266E5D77005BF33E /* ChordVoiceTuner.storyboard in Resources */,
				52698D15266DE9D5004F7AD6 /* Main.storyboard in Resources */,
				904DC635267258DC00DD799E /* F3.mp3 in Resources */,
				90766AFF267A5A1700FFA576 /* AutomaticTuner.storyboard in Resources */,
				904DC642267258DC00DD799E /* G2.mp3 in Resources */,
				522785BA266E58FC005BF33E /* Setting.storyboard in Resources */,
				BD9EE8B3266E3D2B0081B951 /* Product Sans Italic.ttf in Resources */,
				904DC64A267258DC00DD799E /* B4.mp3 in Resources */,
				904DC640267258DC00DD799E /* B2.mp3 in Resources */,
				904DC63D267258DC00DD799E /* F2.mp3 in Resources */,
				904DC637267258DC00DD799E /* C3.mp3 in Resources */,
				522785E8266E5D6B005BF33E /* ChordVoiceChord.storyboard in Resources */,
				904DC649267258DC00DD799E /* G#5.mp3 in Resources */,
				904DC64F267258DC00DD799E /* A#2.mp3 in Resources */,
				904DC64C267258DC00DD799E /* D4.mp3 in Resources */,
				904DC62D267258DC00DD799E /* B5.mp3 in Resources */,
				904DC64B267258DC00DD799E /* A#4.mp3 in Resources */,
				90766AF8267A474100FFA576 /* siri.m4a in Resources */,
				522785E1266E5CE4005BF33E /* ChordPickerTuner.storyboard in Resources */,
				904DC629267258DC00DD799E /* E5.mp3 in Resources */,
				904DC62C267258DC00DD799E /* A3.mp3 in Resources */,
				904DC643267258DC00DD799E /* E2.mp3 in Resources */,
				904DC64E267258DC00DD799E /* F4.mp3 in Resources */,
				904DC641267258DC00DD799E /* F#4.mp3 in Resources */,
				904DC639267258DC00DD799E /* D3.mp3 in Resources */,
				904DC650267258DC00DD799E /* G4.mp3 in Resources */,
				904DC636267258DC00DD799E /* F5.mp3 in Resources */,
				904DC654267258DC00DD799E /* D#5.mp3 in Resources */,
				904DC656267258DC00DD799E /* D#4.mp3 in Resources */,
				904DC62F267258DC00DD799E /* G#3.mp3 in Resources */,
				522785C6266E592E005BF33E /* ChordDetail.storyboard in Resources */,
				904DC630267258DC00DD799E /* A#3.mp3 in Resources */,
				904DC651267258DC00DD799E /* D#3.mp3 in Resources */,
				904DC653267258DC00DD799E /* B3.mp3 in Resources */,
			);
			runOnlyForDeploymentPostprocessing = 0;
		};
/* End PBXResourcesBuildPhase section */

/* Begin PBXSourcesBuildPhase section */
		52698D06266DE9D5004F7AD6 /* Sources */ = {
			isa = PBXSourcesBuildPhase;
			buildActionMask = 2147483647;
			files = (
				522785A8266E579C005BF33E /* NetworkManager.swift in Sources */,
				BD8BC1F92671B0E800A49D44 /* ColorLibrary.swift in Sources */,
				904DC65E2672EB6A00DD799E /* NotesMapping.swift in Sources */,
				90CD99A52676931100464E25 /* NoteFrequency.swift in Sources */,
				90CD999F267610F000464E25 /* AutomaticTunerViewController.swift in Sources */,
				90CD99A1267611C600464E25 /* TunerData.swift in Sources */,
				522785CA266E5AC2005BF33E /* OnBoardingViewController.swift in Sources */,
				90CD99A3267689D700464E25 /* TunerConductor.swift in Sources */,
				52698D18266DE9D5004F7AD6 /* Gitra.xcdatamodeld in Sources */,
				7CC7CDD7266F491F001C0C9C /* OnBoardingAnimation.swift in Sources */,
				D8355D752677925C00F2D718 /* FingerIndicator.swift in Sources */,
				522785D4266E5B0D005BF33E /* ChordDetailViewController.swift in Sources */,
				79C7DC9F2673B224006D4104 /* SettingsDatabase.swift in Sources */,
				BD9EE8BA266E46C90081B951 /* GradientView.swift in Sources */,
				52EE72E226724D5500B3E7EE /* Helper.swift in Sources */,
				90B0163D2671085A0054ED9D /* ChordQuality.swift in Sources */,
				90BA3CD4267A2EA4004F1804 /* InstructionViewController.swift in Sources */,
				52698D0E266DE9D5004F7AD6 /* AppDelegate.swift in Sources */,
				5293C813266F339100151BF7 /* ChordResponse.swift in Sources */,
				90BA3CD8267A2F3C004F1804 /* SettingViewController.swift in Sources */,
				522785FA266E5F36005BF33E /* ChordPickerTunerViewController.swift in Sources */,
				522785F6266E5F0C005BF33E /* ChordVoiceTunerViewController.swift in Sources */,
				90BA3CD3267A2EA4004F1804 /* InstructionListTableViewCell.swift in Sources */,
				90766B05267A67D000FFA576 /* SelectorViewController.swift in Sources */,
				52EE72ED26726B2100B3E7EE /* SoundHelper.swift in Sources */,
				5293C816266F346E00151BF7 /* ChordModel.swift in Sources */,
				BDE09EDD267721D0007E0878 /* RoundedButton.swift in Sources */,
				90B0163F26710C490054ED9D /* Database.swift in Sources */,
				52698D10266DE9D5004F7AD6 /* SceneDelegate.swift in Sources */,
				522785CE266E5AFA005BF33E /* ChordVoiceViewController.swift in Sources */,
				90BA3CD5267A2EA4004F1804 /* SettingListViewController.swift in Sources */,
				522785D1266E5B04005BF33E /* ChordPickerViewController.swift in Sources */,
			);
			runOnlyForDeploymentPostprocessing = 0;
		};
/* End PBXSourcesBuildPhase section */

/* Begin PBXVariantGroup section */
		52698D13266DE9D5004F7AD6 /* Main.storyboard */ = {
			isa = PBXVariantGroup;
			children = (
				52698D14266DE9D5004F7AD6 /* Base */,
			);
			name = Main.storyboard;
			sourceTree = "<group>";
		};
		52698D1B266DE9D8004F7AD6 /* LaunchScreen.storyboard */ = {
			isa = PBXVariantGroup;
			children = (
				52698D1C266DE9D8004F7AD6 /* Base */,
			);
			name = LaunchScreen.storyboard;
			sourceTree = "<group>";
		};
/* End PBXVariantGroup section */

/* Begin XCBuildConfiguration section */
		52698D1F266DE9D8004F7AD6 /* Debug */ = {
			isa = XCBuildConfiguration;
			buildSettings = {
				ALWAYS_SEARCH_USER_PATHS = NO;
				CLANG_ANALYZER_NONNULL = YES;
				CLANG_ANALYZER_NUMBER_OBJECT_CONVERSION = YES_AGGRESSIVE;
				CLANG_CXX_LANGUAGE_STANDARD = "gnu++14";
				CLANG_CXX_LIBRARY = "libc++";
				CLANG_ENABLE_MODULES = YES;
				CLANG_ENABLE_OBJC_ARC = YES;
				CLANG_ENABLE_OBJC_WEAK = YES;
				CLANG_WARN_BLOCK_CAPTURE_AUTORELEASING = YES;
				CLANG_WARN_BOOL_CONVERSION = YES;
				CLANG_WARN_COMMA = YES;
				CLANG_WARN_CONSTANT_CONVERSION = YES;
				CLANG_WARN_DEPRECATED_OBJC_IMPLEMENTATIONS = YES;
				CLANG_WARN_DIRECT_OBJC_ISA_USAGE = YES_ERROR;
				CLANG_WARN_DOCUMENTATION_COMMENTS = YES;
				CLANG_WARN_EMPTY_BODY = YES;
				CLANG_WARN_ENUM_CONVERSION = YES;
				CLANG_WARN_INFINITE_RECURSION = YES;
				CLANG_WARN_INT_CONVERSION = YES;
				CLANG_WARN_NON_LITERAL_NULL_CONVERSION = YES;
				CLANG_WARN_OBJC_IMPLICIT_RETAIN_SELF = YES;
				CLANG_WARN_OBJC_LITERAL_CONVERSION = YES;
				CLANG_WARN_OBJC_ROOT_CLASS = YES_ERROR;
				CLANG_WARN_QUOTED_INCLUDE_IN_FRAMEWORK_HEADER = YES;
				CLANG_WARN_RANGE_LOOP_ANALYSIS = YES;
				CLANG_WARN_STRICT_PROTOTYPES = YES;
				CLANG_WARN_SUSPICIOUS_MOVE = YES;
				CLANG_WARN_UNGUARDED_AVAILABILITY = YES_AGGRESSIVE;
				CLANG_WARN_UNREACHABLE_CODE = YES;
				CLANG_WARN__DUPLICATE_METHOD_MATCH = YES;
				COPY_PHASE_STRIP = NO;
				DEBUG_INFORMATION_FORMAT = dwarf;
				ENABLE_STRICT_OBJC_MSGSEND = YES;
				ENABLE_TESTABILITY = YES;
				GCC_C_LANGUAGE_STANDARD = gnu11;
				GCC_DYNAMIC_NO_PIC = NO;
				GCC_NO_COMMON_BLOCKS = YES;
				GCC_OPTIMIZATION_LEVEL = 0;
				GCC_PREPROCESSOR_DEFINITIONS = (
					"DEBUG=1",
					"$(inherited)",
				);
				GCC_WARN_64_TO_32_BIT_CONVERSION = YES;
				GCC_WARN_ABOUT_RETURN_TYPE = YES_ERROR;
				GCC_WARN_UNDECLARED_SELECTOR = YES;
				GCC_WARN_UNINITIALIZED_AUTOS = YES_AGGRESSIVE;
				GCC_WARN_UNUSED_FUNCTION = YES;
				GCC_WARN_UNUSED_VARIABLE = YES;
				IPHONEOS_DEPLOYMENT_TARGET = 14.5;
				MTL_ENABLE_DEBUG_INFO = INCLUDE_SOURCE;
				MTL_FAST_MATH = YES;
				ONLY_ACTIVE_ARCH = YES;
				SDKROOT = iphoneos;
				SWIFT_ACTIVE_COMPILATION_CONDITIONS = DEBUG;
				SWIFT_OPTIMIZATION_LEVEL = "-Onone";
			};
			name = Debug;
		};
		52698D20266DE9D8004F7AD6 /* Release */ = {
			isa = XCBuildConfiguration;
			buildSettings = {
				ALWAYS_SEARCH_USER_PATHS = NO;
				CLANG_ANALYZER_NONNULL = YES;
				CLANG_ANALYZER_NUMBER_OBJECT_CONVERSION = YES_AGGRESSIVE;
				CLANG_CXX_LANGUAGE_STANDARD = "gnu++14";
				CLANG_CXX_LIBRARY = "libc++";
				CLANG_ENABLE_MODULES = YES;
				CLANG_ENABLE_OBJC_ARC = YES;
				CLANG_ENABLE_OBJC_WEAK = YES;
				CLANG_WARN_BLOCK_CAPTURE_AUTORELEASING = YES;
				CLANG_WARN_BOOL_CONVERSION = YES;
				CLANG_WARN_COMMA = YES;
				CLANG_WARN_CONSTANT_CONVERSION = YES;
				CLANG_WARN_DEPRECATED_OBJC_IMPLEMENTATIONS = YES;
				CLANG_WARN_DIRECT_OBJC_ISA_USAGE = YES_ERROR;
				CLANG_WARN_DOCUMENTATION_COMMENTS = YES;
				CLANG_WARN_EMPTY_BODY = YES;
				CLANG_WARN_ENUM_CONVERSION = YES;
				CLANG_WARN_INFINITE_RECURSION = YES;
				CLANG_WARN_INT_CONVERSION = YES;
				CLANG_WARN_NON_LITERAL_NULL_CONVERSION = YES;
				CLANG_WARN_OBJC_IMPLICIT_RETAIN_SELF = YES;
				CLANG_WARN_OBJC_LITERAL_CONVERSION = YES;
				CLANG_WARN_OBJC_ROOT_CLASS = YES_ERROR;
				CLANG_WARN_QUOTED_INCLUDE_IN_FRAMEWORK_HEADER = YES;
				CLANG_WARN_RANGE_LOOP_ANALYSIS = YES;
				CLANG_WARN_STRICT_PROTOTYPES = YES;
				CLANG_WARN_SUSPICIOUS_MOVE = YES;
				CLANG_WARN_UNGUARDED_AVAILABILITY = YES_AGGRESSIVE;
				CLANG_WARN_UNREACHABLE_CODE = YES;
				CLANG_WARN__DUPLICATE_METHOD_MATCH = YES;
				COPY_PHASE_STRIP = NO;
				DEBUG_INFORMATION_FORMAT = "dwarf-with-dsym";
				ENABLE_NS_ASSERTIONS = NO;
				ENABLE_STRICT_OBJC_MSGSEND = YES;
				GCC_C_LANGUAGE_STANDARD = gnu11;
				GCC_NO_COMMON_BLOCKS = YES;
				GCC_WARN_64_TO_32_BIT_CONVERSION = YES;
				GCC_WARN_ABOUT_RETURN_TYPE = YES_ERROR;
				GCC_WARN_UNDECLARED_SELECTOR = YES;
				GCC_WARN_UNINITIALIZED_AUTOS = YES_AGGRESSIVE;
				GCC_WARN_UNUSED_FUNCTION = YES;
				GCC_WARN_UNUSED_VARIABLE = YES;
				IPHONEOS_DEPLOYMENT_TARGET = 14.5;
				MTL_ENABLE_DEBUG_INFO = NO;
				MTL_FAST_MATH = YES;
				SDKROOT = iphoneos;
				SWIFT_COMPILATION_MODE = wholemodule;
				SWIFT_OPTIMIZATION_LEVEL = "-O";
				VALIDATE_PRODUCT = YES;
			};
			name = Release;
		};
		52698D22266DE9D8004F7AD6 /* Debug */ = {
			isa = XCBuildConfiguration;
			buildSettings = {
				ASSETCATALOG_COMPILER_APPICON_NAME = AppIcon;
				ASSETCATALOG_COMPILER_GLOBAL_ACCENT_COLOR_NAME = AccentColor;
				CODE_SIGN_STYLE = Automatic;
				DEVELOPMENT_TEAM = S6LU55DTCY;
				INFOPLIST_FILE = Gitra/Info.plist;
				IPHONEOS_DEPLOYMENT_TARGET = 14.4;
				LD_RUNPATH_SEARCH_PATHS = (
					"$(inherited)",
					"@executable_path/Frameworks",
				);
				PRODUCT_BUNDLE_IDENTIFIER = Zhafransyah.test;
				PRODUCT_NAME = "$(TARGET_NAME)";
				SWIFT_VERSION = 5.0;
				TARGETED_DEVICE_FAMILY = "1,2";
			};
			name = Debug;
		};
		52698D23266DE9D8004F7AD6 /* Release */ = {
			isa = XCBuildConfiguration;
			buildSettings = {
				ASSETCATALOG_COMPILER_APPICON_NAME = AppIcon;
				ASSETCATALOG_COMPILER_GLOBAL_ACCENT_COLOR_NAME = AccentColor;
				CODE_SIGN_STYLE = Automatic;
				DEVELOPMENT_TEAM = S6LU55DTCY;
				INFOPLIST_FILE = Gitra/Info.plist;
				IPHONEOS_DEPLOYMENT_TARGET = 14.4;
				LD_RUNPATH_SEARCH_PATHS = (
					"$(inherited)",
					"@executable_path/Frameworks",
				);
				PRODUCT_BUNDLE_IDENTIFIER = Zhafransyah.test;
				PRODUCT_NAME = "$(TARGET_NAME)";
				SWIFT_VERSION = 5.0;
				TARGETED_DEVICE_FAMILY = "1,2";
			};
			name = Release;
		};
/* End XCBuildConfiguration section */

/* Begin XCConfigurationList section */
		52698D05266DE9D5004F7AD6 /* Build configuration list for PBXProject "Gitra" */ = {
			isa = XCConfigurationList;
			buildConfigurations = (
				52698D1F266DE9D8004F7AD6 /* Debug */,
				52698D20266DE9D8004F7AD6 /* Release */,
			);
			defaultConfigurationIsVisible = 0;
			defaultConfigurationName = Release;
		};
		52698D21266DE9D8004F7AD6 /* Build configuration list for PBXNativeTarget "Gitra" */ = {
			isa = XCConfigurationList;
			buildConfigurations = (
				52698D22266DE9D8004F7AD6 /* Debug */,
				52698D23266DE9D8004F7AD6 /* Release */,
			);
			defaultConfigurationIsVisible = 0;
			defaultConfigurationName = Release;
		};
/* End XCConfigurationList section */

/* Begin XCRemoteSwiftPackageReference section */
		52C517D8267121A6002B5136 /* XCRemoteSwiftPackageReference "lottie-ios" */ = {
			isa = XCRemoteSwiftPackageReference;
			repositoryURL = "https://github.com/airbnb/lottie-ios";
			requirement = {
				kind = upToNextMajorVersion;
				minimumVersion = 3.2.3;
			};
		};
		90CD99952676106400464E25 /* XCRemoteSwiftPackageReference "AudioKit" */ = {
			isa = XCRemoteSwiftPackageReference;
			repositoryURL = "https://github.com/AudioKit/AudioKit/";
			requirement = {
				kind = upToNextMajorVersion;
				minimumVersion = 5.2.0;
			};
		};
		90CD99982676107E00464E25 /* XCRemoteSwiftPackageReference "SoundpipeAudioKit" */ = {
			isa = XCRemoteSwiftPackageReference;
			repositoryURL = "https://github.com/AudioKit/SoundpipeAudioKit/";
			requirement = {
				kind = upToNextMajorVersion;
				minimumVersion = 5.2.0;
			};
		};
/* End XCRemoteSwiftPackageReference section */

/* Begin XCSwiftPackageProductDependency section */
		52C517D9267121A6002B5136 /* Lottie */ = {
			isa = XCSwiftPackageProductDependency;
			package = 52C517D8267121A6002B5136 /* XCRemoteSwiftPackageReference "lottie-ios" */;
			productName = Lottie;
		};
		90CD99962676106400464E25 /* AudioKit */ = {
			isa = XCSwiftPackageProductDependency;
			package = 90CD99952676106400464E25 /* XCRemoteSwiftPackageReference "AudioKit" */;
			productName = AudioKit;
		};
		90CD99992676107E00464E25 /* SoundpipeAudioKit */ = {
			isa = XCSwiftPackageProductDependency;
			package = 90CD99982676107E00464E25 /* XCRemoteSwiftPackageReference "SoundpipeAudioKit" */;
			productName = SoundpipeAudioKit;
		};
/* End XCSwiftPackageProductDependency section */

/* Begin XCVersionGroup section */
		52698D16266DE9D5004F7AD6 /* Gitra.xcdatamodeld */ = {
			isa = XCVersionGroup;
			children = (
				52698D17266DE9D5004F7AD6 /* Gitra.xcdatamodel */,
			);
			currentVersion = 52698D17266DE9D5004F7AD6 /* Gitra.xcdatamodel */;
			path = Gitra.xcdatamodeld;
			sourceTree = "<group>";
			versionGroupType = wrapper.xcdatamodel;
		};
/* End XCVersionGroup section */
	};
	rootObject = 52698D02266DE9D5004F7AD6 /* Project object */;
}
